// !$*UTF8*$!
{
	archiveVersion = 1;
	classes = {
	};
	objectVersion = 56;
	objects = {

/* Begin PBXBuildFile section */
		E12219732AB1FB0B0037BA2B /* PreviewViewController.swift in Sources */ = {isa = PBXBuildFile; fileRef = E12219722AB1FB0B0037BA2B /* PreviewViewController.swift */; };
		E12219752AB1FB520037BA2B /* PreviewViewModel.swift in Sources */ = {isa = PBXBuildFile; fileRef = E12219742AB1FB520037BA2B /* PreviewViewModel.swift */; };
		E12219772AB213220037BA2B /* YoutubeModel.swift in Sources */ = {isa = PBXBuildFile; fileRef = E12219762AB213220037BA2B /* YoutubeModel.swift */; };
		E125C5F82AA6096B008A0F9B /* AppDelegate.swift in Sources */ = {isa = PBXBuildFile; fileRef = E125C5F72AA6096B008A0F9B /* AppDelegate.swift */; };
		E125C5FA2AA6096B008A0F9B /* SceneDelegate.swift in Sources */ = {isa = PBXBuildFile; fileRef = E125C5F92AA6096B008A0F9B /* SceneDelegate.swift */; };
		E125C5FC2AA6096B008A0F9B /* TabBarController.swift in Sources */ = {isa = PBXBuildFile; fileRef = E125C5FB2AA6096B008A0F9B /* TabBarController.swift */; };
		E125C6012AA6096D008A0F9B /* Assets.xcassets in Resources */ = {isa = PBXBuildFile; fileRef = E125C6002AA6096D008A0F9B /* Assets.xcassets */; };
		E125C6042AA6096D008A0F9B /* LaunchScreen.storyboard in Resources */ = {isa = PBXBuildFile; fileRef = E125C6022AA6096D008A0F9B /* LaunchScreen.storyboard */; };
		E125C60F2AA60BF1008A0F9B /* HomeViewController.swift in Sources */ = {isa = PBXBuildFile; fileRef = E125C60E2AA60BF1008A0F9B /* HomeViewController.swift */; };
		E125C6112AA60C2A008A0F9B /* NewAndPopularViewController.swift in Sources */ = {isa = PBXBuildFile; fileRef = E125C6102AA60C2A008A0F9B /* NewAndPopularViewController.swift */; };
		E125C6132AA60CCD008A0F9B /* MyNetflixViewController.swift in Sources */ = {isa = PBXBuildFile; fileRef = E125C6122AA60CCD008A0F9B /* MyNetflixViewController.swift */; };
		E125C6152AA6154C008A0F9B /* HomeTableViewCell.swift in Sources */ = {isa = PBXBuildFile; fileRef = E125C6142AA6154C008A0F9B /* HomeTableViewCell.swift */; };
		E125C6172AA61FB8008A0F9B /* HeaderView.swift in Sources */ = {isa = PBXBuildFile; fileRef = E125C6162AA61FB8008A0F9B /* HeaderView.swift */; };
		E1264D0F2AA776AF000F767A /* APICaller.swift in Sources */ = {isa = PBXBuildFile; fileRef = E1264D0E2AA776AF000F767A /* APICaller.swift */; };
		E1264D132AA77BCF000F767A /* MovieModel.swift in Sources */ = {isa = PBXBuildFile; fileRef = E1264D122AA77BCF000F767A /* MovieModel.swift */; };
		E1264D172AA788CA000F767A /* MovieCollectionViewCell.swift in Sources */ = {isa = PBXBuildFile; fileRef = E1264D162AA788CA000F767A /* MovieCollectionViewCell.swift */; };
		E1264D1A2AA78A1E000F767A /* SDWebImage in Frameworks */ = {isa = PBXBuildFile; productRef = E1264D192AA78A1E000F767A /* SDWebImage */; };
		E128DA982AB0B64300E79F66 /* SearchResultViewController.swift in Sources */ = {isa = PBXBuildFile; fileRef = E128DA972AB0B64300E79F66 /* SearchResultViewController.swift */; };
		E1450A142AACA9F600EDE731 /* HeaderModel.swift in Sources */ = {isa = PBXBuildFile; fileRef = E1450A132AACA9F600EDE731 /* HeaderModel.swift */; };
		E1758EFC2AACCA7400CE1BE4 /* SearchViewController.swift in Sources */ = {isa = PBXBuildFile; fileRef = E1758EFB2AACCA7400CE1BE4 /* SearchViewController.swift */; };
		E189E0F02AAA029300C03AC4 /* HomeViewModel.swift in Sources */ = {isa = PBXBuildFile; fileRef = E189E0EF2AAA029300C03AC4 /* HomeViewModel.swift */; };
		E189E0F22AAA0D3800C03AC4 /* NewAndPopularTableViewCell.swift in Sources */ = {isa = PBXBuildFile; fileRef = E189E0F12AAA0D3800C03AC4 /* NewAndPopularTableViewCell.swift */; };
		E189E0F42AAA15C000C03AC4 /* NewAndPopularViewModel.swift in Sources */ = {isa = PBXBuildFile; fileRef = E189E0F32AAA15C000C03AC4 /* NewAndPopularViewModel.swift */; };
		E1F02E9C2AAFA07800AAFC8C /* SearchTableViewCell.swift in Sources */ = {isa = PBXBuildFile; fileRef = E1F02E9B2AAFA07800AAFC8C /* SearchTableViewCell.swift */; };
		E1F02EA02AAFA47900AAFC8C /* SearchViewModel.swift in Sources */ = {isa = PBXBuildFile; fileRef = E1F02E9F2AAFA47900AAFC8C /* SearchViewModel.swift */; };
/* End PBXBuildFile section */

/* Begin PBXFileReference section */
		E12219722AB1FB0B0037BA2B /* PreviewViewController.swift */ = {isa = PBXFileReference; lastKnownFileType = sourcecode.swift; path = PreviewViewController.swift; sourceTree = "<group>"; };
		E12219742AB1FB520037BA2B /* PreviewViewModel.swift */ = {isa = PBXFileReference; lastKnownFileType = sourcecode.swift; path = PreviewViewModel.swift; sourceTree = "<group>"; };
		E12219762AB213220037BA2B /* YoutubeModel.swift */ = {isa = PBXFileReference; lastKnownFileType = sourcecode.swift; path = YoutubeModel.swift; sourceTree = "<group>"; };
		E125C5F42AA6096B008A0F9B /* MovieApp.app */ = {isa = PBXFileReference; explicitFileType = wrapper.application; includeInIndex = 0; path = MovieApp.app; sourceTree = BUILT_PRODUCTS_DIR; };
		E125C5F72AA6096B008A0F9B /* AppDelegate.swift */ = {isa = PBXFileReference; lastKnownFileType = sourcecode.swift; path = AppDelegate.swift; sourceTree = "<group>"; };
		E125C5F92AA6096B008A0F9B /* SceneDelegate.swift */ = {isa = PBXFileReference; lastKnownFileType = sourcecode.swift; path = SceneDelegate.swift; sourceTree = "<group>"; };
		E125C5FB2AA6096B008A0F9B /* TabBarController.swift */ = {isa = PBXFileReference; lastKnownFileType = sourcecode.swift; path = TabBarController.swift; sourceTree = "<group>"; };
		E125C6002AA6096D008A0F9B /* Assets.xcassets */ = {isa = PBXFileReference; lastKnownFileType = folder.assetcatalog; path = Assets.xcassets; sourceTree = "<group>"; };
		E125C6032AA6096D008A0F9B /* Base */ = {isa = PBXFileReference; lastKnownFileType = file.storyboard; name = Base; path = Base.lproj/LaunchScreen.storyboard; sourceTree = "<group>"; };
		E125C6052AA6096D008A0F9B /* Info.plist */ = {isa = PBXFileReference; lastKnownFileType = text.plist.xml; path = Info.plist; sourceTree = "<group>"; };
		E125C60E2AA60BF1008A0F9B /* HomeViewController.swift */ = {isa = PBXFileReference; lastKnownFileType = sourcecode.swift; path = HomeViewController.swift; sourceTree = "<group>"; };
		E125C6102AA60C2A008A0F9B /* NewAndPopularViewController.swift */ = {isa = PBXFileReference; lastKnownFileType = sourcecode.swift; path = NewAndPopularViewController.swift; sourceTree = "<group>"; };
		E125C6122AA60CCD008A0F9B /* MyNetflixViewController.swift */ = {isa = PBXFileReference; lastKnownFileType = sourcecode.swift; path = MyNetflixViewController.swift; sourceTree = "<group>"; };
		E125C6142AA6154C008A0F9B /* HomeTableViewCell.swift */ = {isa = PBXFileReference; lastKnownFileType = sourcecode.swift; path = HomeTableViewCell.swift; sourceTree = "<group>"; };
		E125C6162AA61FB8008A0F9B /* HeaderView.swift */ = {isa = PBXFileReference; lastKnownFileType = sourcecode.swift; path = HeaderView.swift; sourceTree = "<group>"; };
		E1264D0E2AA776AF000F767A /* APICaller.swift */ = {isa = PBXFileReference; lastKnownFileType = sourcecode.swift; path = APICaller.swift; sourceTree = "<group>"; };
		E1264D122AA77BCF000F767A /* MovieModel.swift */ = {isa = PBXFileReference; lastKnownFileType = sourcecode.swift; path = MovieModel.swift; sourceTree = "<group>"; };
		E1264D162AA788CA000F767A /* MovieCollectionViewCell.swift */ = {isa = PBXFileReference; lastKnownFileType = sourcecode.swift; path = MovieCollectionViewCell.swift; sourceTree = "<group>"; };
		E128DA972AB0B64300E79F66 /* SearchResultViewController.swift */ = {isa = PBXFileReference; lastKnownFileType = sourcecode.swift; path = SearchResultViewController.swift; sourceTree = "<group>"; };
		E1450A132AACA9F600EDE731 /* HeaderModel.swift */ = {isa = PBXFileReference; lastKnownFileType = sourcecode.swift; path = HeaderModel.swift; sourceTree = "<group>"; };
		E1758EFB2AACCA7400CE1BE4 /* SearchViewController.swift */ = {isa = PBXFileReference; lastKnownFileType = sourcecode.swift; path = SearchViewController.swift; sourceTree = "<group>"; };
		E189E0EF2AAA029300C03AC4 /* HomeViewModel.swift */ = {isa = PBXFileReference; lastKnownFileType = sourcecode.swift; path = HomeViewModel.swift; sourceTree = "<group>"; };
		E189E0F12AAA0D3800C03AC4 /* NewAndPopularTableViewCell.swift */ = {isa = PBXFileReference; lastKnownFileType = sourcecode.swift; path = NewAndPopularTableViewCell.swift; sourceTree = "<group>"; };
		E189E0F32AAA15C000C03AC4 /* NewAndPopularViewModel.swift */ = {isa = PBXFileReference; lastKnownFileType = sourcecode.swift; path = NewAndPopularViewModel.swift; sourceTree = "<group>"; };
		E1F02E9B2AAFA07800AAFC8C /* SearchTableViewCell.swift */ = {isa = PBXFileReference; lastKnownFileType = sourcecode.swift; path = SearchTableViewCell.swift; sourceTree = "<group>"; };
		E1F02E9F2AAFA47900AAFC8C /* SearchViewModel.swift */ = {isa = PBXFileReference; lastKnownFileType = sourcecode.swift; path = SearchViewModel.swift; sourceTree = "<group>"; };
/* End PBXFileReference section */

/* Begin PBXFrameworksBuildPhase section */
		E125C5F12AA6096B008A0F9B /* Frameworks */ = {
			isa = PBXFrameworksBuildPhase;
			buildActionMask = 2147483647;
			files = (
				E1264D1A2AA78A1E000F767A /* SDWebImage in Frameworks */,
			);
			runOnlyForDeploymentPostprocessing = 0;
		};
/* End PBXFrameworksBuildPhase section */

/* Begin PBXGroup section */
		E125C5EB2AA6096B008A0F9B = {
			isa = PBXGroup;
			children = (
				E125C5F62AA6096B008A0F9B /* MovieApp */,
				E125C5F52AA6096B008A0F9B /* Products */,
			);
			sourceTree = "<group>";
		};
		E125C5F52AA6096B008A0F9B /* Products */ = {
			isa = PBXGroup;
			children = (
				E125C5F42AA6096B008A0F9B /* MovieApp.app */,
			);
			name = Products;
			sourceTree = "<group>";
		};
		E125C5F62AA6096B008A0F9B /* MovieApp */ = {
			isa = PBXGroup;
			children = (
				E125C60B2AA60BB4008A0F9B /* Delegates */,
				E1264D102AA7782E000F767A /* Managers */,
				E1264D112AA77BC0000F767A /* Models */,
				E125C60C2AA60BBD008A0F9B /* Views */,
				E189E0EE2AAA023C00C03AC4 /* ViewModels */,
				E125C60D2AA60BC9008A0F9B /* Controllers */,
				E125C6002AA6096D008A0F9B /* Assets.xcassets */,
				E125C6022AA6096D008A0F9B /* LaunchScreen.storyboard */,
				E125C6052AA6096D008A0F9B /* Info.plist */,
			);
			path = MovieApp;
			sourceTree = "<group>";
		};
		E125C60B2AA60BB4008A0F9B /* Delegates */ = {
			isa = PBXGroup;
			children = (
				E125C5F72AA6096B008A0F9B /* AppDelegate.swift */,
				E125C5F92AA6096B008A0F9B /* SceneDelegate.swift */,
			);
			path = Delegates;
			sourceTree = "<group>";
		};
		E125C60C2AA60BBD008A0F9B /* Views */ = {
			isa = PBXGroup;
			children = (
				E125C6142AA6154C008A0F9B /* HomeTableViewCell.swift */,
				E125C6162AA61FB8008A0F9B /* HeaderView.swift */,
				E1264D162AA788CA000F767A /* MovieCollectionViewCell.swift */,
				E189E0F12AAA0D3800C03AC4 /* NewAndPopularTableViewCell.swift */,
				E1F02E9B2AAFA07800AAFC8C /* SearchTableViewCell.swift */,
			);
			path = Views;
			sourceTree = "<group>";
		};
		E125C60D2AA60BC9008A0F9B /* Controllers */ = {
			isa = PBXGroup;
			children = (
				E125C5FB2AA6096B008A0F9B /* TabBarController.swift */,
				E125C60E2AA60BF1008A0F9B /* HomeViewController.swift */,
				E125C6102AA60C2A008A0F9B /* NewAndPopularViewController.swift */,
				E125C6122AA60CCD008A0F9B /* MyNetflixViewController.swift */,
				E1758EFB2AACCA7400CE1BE4 /* SearchViewController.swift */,
				E128DA972AB0B64300E79F66 /* SearchResultViewController.swift */,
				E12219722AB1FB0B0037BA2B /* PreviewViewController.swift */,
			);
			path = Controllers;
			sourceTree = "<group>";
		};
		E1264D102AA7782E000F767A /* Managers */ = {
			isa = PBXGroup;
			children = (
				E1264D0E2AA776AF000F767A /* APICaller.swift */,
			);
			path = Managers;
			sourceTree = "<group>";
		};
		E1264D112AA77BC0000F767A /* Models */ = {
			isa = PBXGroup;
			children = (
				E1264D122AA77BCF000F767A /* MovieModel.swift */,
				E1450A132AACA9F600EDE731 /* HeaderModel.swift */,
				E12219762AB213220037BA2B /* YoutubeModel.swift */,
			);
			path = Models;
			sourceTree = "<group>";
		};
		E189E0EE2AAA023C00C03AC4 /* ViewModels */ = {
			isa = PBXGroup;
			children = (
				E189E0EF2AAA029300C03AC4 /* HomeViewModel.swift */,
				E189E0F32AAA15C000C03AC4 /* NewAndPopularViewModel.swift */,
				E1F02E9F2AAFA47900AAFC8C /* SearchViewModel.swift */,
				E12219742AB1FB520037BA2B /* PreviewViewModel.swift */,
			);
			path = ViewModels;
			sourceTree = "<group>";
		};
/* End PBXGroup section */

/* Begin PBXNativeTarget section */
		E125C5F32AA6096B008A0F9B /* MovieApp */ = {
			isa = PBXNativeTarget;
			buildConfigurationList = E125C6082AA6096D008A0F9B /* Build configuration list for PBXNativeTarget "MovieApp" */;
			buildPhases = (
				E125C5F02AA6096B008A0F9B /* Sources */,
				E125C5F12AA6096B008A0F9B /* Frameworks */,
				E125C5F22AA6096B008A0F9B /* Resources */,
			);
			buildRules = (
			);
			dependencies = (
			);
			name = MovieApp;
			packageProductDependencies = (
				E1264D192AA78A1E000F767A /* SDWebImage */,
			);
			productName = MovieApp;
			productReference = E125C5F42AA6096B008A0F9B /* MovieApp.app */;
			productType = "com.apple.product-type.application";
		};
/* End PBXNativeTarget section */

/* Begin PBXProject section */
		E125C5EC2AA6096B008A0F9B /* Project object */ = {
			isa = PBXProject;
			attributes = {
				BuildIndependentTargetsInParallel = 1;
				LastSwiftUpdateCheck = 1430;
				LastUpgradeCheck = 1430;
				TargetAttributes = {
					E125C5F32AA6096B008A0F9B = {
						CreatedOnToolsVersion = 14.3.1;
					};
				};
			};
			buildConfigurationList = E125C5EF2AA6096B008A0F9B /* Build configuration list for PBXProject "MovieApp" */;
			compatibilityVersion = "Xcode 14.0";
			developmentRegion = en;
			hasScannedForEncodings = 0;
			knownRegions = (
				en,
				Base,
			);
			mainGroup = E125C5EB2AA6096B008A0F9B;
			packageReferences = (
				E1264D182AA78A1E000F767A /* XCRemoteSwiftPackageReference "SDWebImage" */,
			);
			productRefGroup = E125C5F52AA6096B008A0F9B /* Products */;
			projectDirPath = "";
			projectRoot = "";
			targets = (
				E125C5F32AA6096B008A0F9B /* MovieApp */,
			);
		};
/* End PBXProject section */

/* Begin PBXResourcesBuildPhase section */
		E125C5F22AA6096B008A0F9B /* Resources */ = {
			isa = PBXResourcesBuildPhase;
			buildActionMask = 2147483647;
			files = (
				E125C6042AA6096D008A0F9B /* LaunchScreen.storyboard in Resources */,
				E125C6012AA6096D008A0F9B /* Assets.xcassets in Resources */,
			);
			runOnlyForDeploymentPostprocessing = 0;
		};
/* End PBXResourcesBuildPhase section */

/* Begin PBXSourcesBuildPhase section */
		E125C5F02AA6096B008A0F9B /* Sources */ = {
			isa = PBXSourcesBuildPhase;
			buildActionMask = 2147483647;
			files = (
				E125C5FC2AA6096B008A0F9B /* TabBarController.swift in Sources */,
				E125C6132AA60CCD008A0F9B /* MyNetflixViewController.swift in Sources */,
				E1264D132AA77BCF000F767A /* MovieModel.swift in Sources */,
				E12219772AB213220037BA2B /* YoutubeModel.swift in Sources */,
				E12219732AB1FB0B0037BA2B /* PreviewViewController.swift in Sources */,
				E1F02EA02AAFA47900AAFC8C /* SearchViewModel.swift in Sources */,
				E125C6152AA6154C008A0F9B /* HomeTableViewCell.swift in Sources */,
				E1450A142AACA9F600EDE731 /* HeaderModel.swift in Sources */,
				E125C5F82AA6096B008A0F9B /* AppDelegate.swift in Sources */,
				E1264D0F2AA776AF000F767A /* APICaller.swift in Sources */,
				E125C5FA2AA6096B008A0F9B /* SceneDelegate.swift in Sources */,
				E189E0F42AAA15C000C03AC4 /* NewAndPopularViewModel.swift in Sources */,
				E189E0F02AAA029300C03AC4 /* HomeViewModel.swift in Sources */,
				E12219752AB1FB520037BA2B /* PreviewViewModel.swift in Sources */,
				E1758EFC2AACCA7400CE1BE4 /* SearchViewController.swift in Sources */,
				E1F02E9C2AAFA07800AAFC8C /* SearchTableViewCell.swift in Sources */,
				E125C6112AA60C2A008A0F9B /* NewAndPopularViewController.swift in Sources */,
				E1264D172AA788CA000F767A /* MovieCollectionViewCell.swift in Sources */,
				E189E0F22AAA0D3800C03AC4 /* NewAndPopularTableViewCell.swift in Sources */,
				E125C60F2AA60BF1008A0F9B /* HomeViewController.swift in Sources */,
				E128DA982AB0B64300E79F66 /* SearchResultViewController.swift in Sources */,
				E125C6172AA61FB8008A0F9B /* HeaderView.swift in Sources */,
			);
			runOnlyForDeploymentPostprocessing = 0;
		};
/* End PBXSourcesBuildPhase section */

/* Begin PBXVariantGroup section */
		E125C6022AA6096D008A0F9B /* LaunchScreen.storyboard */ = {
			isa = PBXVariantGroup;
			children = (
				E125C6032AA6096D008A0F9B /* Base */,
			);
			name = LaunchScreen.storyboard;
			sourceTree = "<group>";
		};
/* End PBXVariantGroup section */

/* Begin XCBuildConfiguration section */
		E125C6062AA6096D008A0F9B /* Debug */ = {
			isa = XCBuildConfiguration;
			buildSettings = {
				ALWAYS_SEARCH_USER_PATHS = NO;
				CLANG_ANALYZER_NONNULL = YES;
				CLANG_ANALYZER_NUMBER_OBJECT_CONVERSION = YES_AGGRESSIVE;
				CLANG_CXX_LANGUAGE_STANDARD = "gnu++20";
				CLANG_ENABLE_MODULES = YES;
				CLANG_ENABLE_OBJC_ARC = YES;
				CLANG_ENABLE_OBJC_WEAK = YES;
				CLANG_WARN_BLOCK_CAPTURE_AUTORELEASING = YES;
				CLANG_WARN_BOOL_CONVERSION = YES;
				CLANG_WARN_COMMA = YES;
				CLANG_WARN_CONSTANT_CONVERSION = YES;
				CLANG_WARN_DEPRECATED_OBJC_IMPLEMENTATIONS = YES;
				CLANG_WARN_DIRECT_OBJC_ISA_USAGE = YES_ERROR;
				CLANG_WARN_DOCUMENTATION_COMMENTS = YES;
				CLANG_WARN_EMPTY_BODY = YES;
				CLANG_WARN_ENUM_CONVERSION = YES;
				CLANG_WARN_INFINITE_RECURSION = YES;
				CLANG_WARN_INT_CONVERSION = YES;
				CLANG_WARN_NON_LITERAL_NULL_CONVERSION = YES;
				CLANG_WARN_OBJC_IMPLICIT_RETAIN_SELF = YES;
				CLANG_WARN_OBJC_LITERAL_CONVERSION = YES;
				CLANG_WARN_OBJC_ROOT_CLASS = YES_ERROR;
				CLANG_WARN_QUOTED_INCLUDE_IN_FRAMEWORK_HEADER = YES;
				CLANG_WARN_RANGE_LOOP_ANALYSIS = YES;
				CLANG_WARN_STRICT_PROTOTYPES = YES;
				CLANG_WARN_SUSPICIOUS_MOVE = YES;
				CLANG_WARN_UNGUARDED_AVAILABILITY = YES_AGGRESSIVE;
				CLANG_WARN_UNREACHABLE_CODE = YES;
				CLANG_WARN__DUPLICATE_METHOD_MATCH = YES;
				COPY_PHASE_STRIP = NO;
				DEBUG_INFORMATION_FORMAT = dwarf;
				ENABLE_STRICT_OBJC_MSGSEND = YES;
				ENABLE_TESTABILITY = YES;
				GCC_C_LANGUAGE_STANDARD = gnu11;
				GCC_DYNAMIC_NO_PIC = NO;
				GCC_NO_COMMON_BLOCKS = YES;
				GCC_OPTIMIZATION_LEVEL = 0;
				GCC_PREPROCESSOR_DEFINITIONS = (
					"DEBUG=1",
					"$(inherited)",
				);
				GCC_WARN_64_TO_32_BIT_CONVERSION = YES;
				GCC_WARN_ABOUT_RETURN_TYPE = YES_ERROR;
				GCC_WARN_UNDECLARED_SELECTOR = YES;
				GCC_WARN_UNINITIALIZED_AUTOS = YES_AGGRESSIVE;
				GCC_WARN_UNUSED_FUNCTION = YES;
				GCC_WARN_UNUSED_VARIABLE = YES;
				IPHONEOS_DEPLOYMENT_TARGET = 16.4;
				MTL_ENABLE_DEBUG_INFO = INCLUDE_SOURCE;
				MTL_FAST_MATH = YES;
				ONLY_ACTIVE_ARCH = YES;
				SDKROOT = iphoneos;
				SWIFT_ACTIVE_COMPILATION_CONDITIONS = DEBUG;
				SWIFT_OPTIMIZATION_LEVEL = "-Onone";
			};
			name = Debug;
		};
		E125C6072AA6096D008A0F9B /* Release */ = {
			isa = XCBuildConfiguration;
			buildSettings = {
				ALWAYS_SEARCH_USER_PATHS = NO;
				CLANG_ANALYZER_NONNULL = YES;
				CLANG_ANALYZER_NUMBER_OBJECT_CONVERSION = YES_AGGRESSIVE;
				CLANG_CXX_LANGUAGE_STANDARD = "gnu++20";
				CLANG_ENABLE_MODULES = YES;
				CLANG_ENABLE_OBJC_ARC = YES;
				CLANG_ENABLE_OBJC_WEAK = YES;
				CLANG_WARN_BLOCK_CAPTURE_AUTORELEASING = YES;
				CLANG_WARN_BOOL_CONVERSION = YES;
				CLANG_WARN_COMMA = YES;
				CLANG_WARN_CONSTANT_CONVERSION = YES;
				CLANG_WARN_DEPRECATED_OBJC_IMPLEMENTATIONS = YES;
				CLANG_WARN_DIRECT_OBJC_ISA_USAGE = YES_ERROR;
				CLANG_WARN_DOCUMENTATION_COMMENTS = YES;
				CLANG_WARN_EMPTY_BODY = YES;
				CLANG_WARN_ENUM_CONVERSION = YES;
				CLANG_WARN_INFINITE_RECURSION = YES;
				CLANG_WARN_INT_CONVERSION = YES;
				CLANG_WARN_NON_LITERAL_NULL_CONVERSION = YES;
				CLANG_WARN_OBJC_IMPLICIT_RETAIN_SELF = YES;
				CLANG_WARN_OBJC_LITERAL_CONVERSION = YES;
				CLANG_WARN_OBJC_ROOT_CLASS = YES_ERROR;
				CLANG_WARN_QUOTED_INCLUDE_IN_FRAMEWORK_HEADER = YES;
				CLANG_WARN_RANGE_LOOP_ANALYSIS = YES;
				CLANG_WARN_STRICT_PROTOTYPES = YES;
				CLANG_WARN_SUSPICIOUS_MOVE = YES;
				CLANG_WARN_UNGUARDED_AVAILABILITY = YES_AGGRESSIVE;
				CLANG_WARN_UNREACHABLE_CODE = YES;
				CLANG_WARN__DUPLICATE_METHOD_MATCH = YES;
				COPY_PHASE_STRIP = NO;
				DEBUG_INFORMATION_FORMAT = "dwarf-with-dsym";
				ENABLE_NS_ASSERTIONS = NO;
				ENABLE_STRICT_OBJC_MSGSEND = YES;
				GCC_C_LANGUAGE_STANDARD = gnu11;
				GCC_NO_COMMON_BLOCKS = YES;
				GCC_WARN_64_TO_32_BIT_CONVERSION = YES;
				GCC_WARN_ABOUT_RETURN_TYPE = YES_ERROR;
				GCC_WARN_UNDECLARED_SELECTOR = YES;
				GCC_WARN_UNINITIALIZED_AUTOS = YES_AGGRESSIVE;
				GCC_WARN_UNUSED_FUNCTION = YES;
				GCC_WARN_UNUSED_VARIABLE = YES;
				IPHONEOS_DEPLOYMENT_TARGET = 16.4;
				MTL_ENABLE_DEBUG_INFO = NO;
				MTL_FAST_MATH = YES;
				SDKROOT = iphoneos;
				SWIFT_COMPILATION_MODE = wholemodule;
				SWIFT_OPTIMIZATION_LEVEL = "-O";
				VALIDATE_PRODUCT = YES;
			};
			name = Release;
		};
		E125C6092AA6096D008A0F9B /* Debug */ = {
			isa = XCBuildConfiguration;
			buildSettings = {
				ASSETCATALOG_COMPILER_APPICON_NAME = AppIcon;
				ASSETCATALOG_COMPILER_GLOBAL_ACCENT_COLOR_NAME = AccentColor;
				CODE_SIGN_STYLE = Automatic;
				CURRENT_PROJECT_VERSION = 1;
				DEVELOPMENT_TEAM = 5U3H44JGNP;
				GENERATE_INFOPLIST_FILE = YES;
				INFOPLIST_FILE = MovieApp/Info.plist;
				INFOPLIST_KEY_UIApplicationSupportsIndirectInputEvents = YES;
				INFOPLIST_KEY_UILaunchStoryboardName = LaunchScreen;
				INFOPLIST_KEY_UISupportedInterfaceOrientations_iPad = "UIInterfaceOrientationPortrait UIInterfaceOrientationPortraitUpsideDown UIInterfaceOrientationLandscapeLeft UIInterfaceOrientationLandscapeRight";
				INFOPLIST_KEY_UISupportedInterfaceOrientations_iPhone = "UIInterfaceOrientationPortrait UIInterfaceOrientationLandscapeLeft UIInterfaceOrientationLandscapeRight";
				LD_RUNPATH_SEARCH_PATHS = (
					"$(inherited)",
					"@executable_path/Frameworks",
				);
				MARKETING_VERSION = 1.0;
				PRODUCT_BUNDLE_IDENTIFIER = com.altankoray.MovieApp;
				PRODUCT_NAME = "$(TARGET_NAME)";
				SWIFT_EMIT_LOC_STRINGS = YES;
				SWIFT_VERSION = 5.0;
				TARGETED_DEVICE_FAMILY = "1,2";
			};
			name = Debug;
		};
		E125C60A2AA6096D008A0F9B /* Release */ = {
			isa = XCBuildConfiguration;
			buildSettings = {
				ASSETCATALOG_COMPILER_APPICON_NAME = AppIcon;
				ASSETCATALOG_COMPILER_GLOBAL_ACCENT_COLOR_NAME = AccentColor;
				CODE_SIGN_STYLE = Automatic;
				CURRENT_PROJECT_VERSION = 1;
				DEVELOPMENT_TEAM = 5U3H44JGNP;
				GENERATE_INFOPLIST_FILE = YES;
				INFOPLIST_FILE = MovieApp/Info.plist;
				INFOPLIST_KEY_UIApplicationSupportsIndirectInputEvents = YES;
				INFOPLIST_KEY_UILaunchStoryboardName = LaunchScreen;
				INFOPLIST_KEY_UISupportedInterfaceOrientations_iPad = "UIInterfaceOrientationPortrait UIInterfaceOrientationPortraitUpsideDown UIInterfaceOrientationLandscapeLeft UIInterfaceOrientationLandscapeRight";
				INFOPLIST_KEY_UISupportedInterfaceOrientations_iPhone = "UIInterfaceOrientationPortrait UIInterfaceOrientationLandscapeLeft UIInterfaceOrientationLandscapeRight";
				LD_RUNPATH_SEARCH_PATHS = (
					"$(inherited)",
					"@executable_path/Frameworks",
				);
				MARKETING_VERSION = 1.0;
				PRODUCT_BUNDLE_IDENTIFIER = com.altankoray.MovieApp;
				PRODUCT_NAME = "$(TARGET_NAME)";
				SWIFT_EMIT_LOC_STRINGS = YES;
				SWIFT_VERSION = 5.0;
				TARGETED_DEVICE_FAMILY = "1,2";
			};
			name = Release;
		};
/* End XCBuildConfiguration section */

/* Begin XCConfigurationList section */
		E125C5EF2AA6096B008A0F9B /* Build configuration list for PBXProject "MovieApp" */ = {
			isa = XCConfigurationList;
			buildConfigurations = (
				E125C6062AA6096D008A0F9B /* Debug */,
				E125C6072AA6096D008A0F9B /* Release */,
			);
			defaultConfigurationIsVisible = 0;
			defaultConfigurationName = Release;
		};
		E125C6082AA6096D008A0F9B /* Build configuration list for PBXNativeTarget "MovieApp" */ = {
			isa = XCConfigurationList;
			buildConfigurations = (
				E125C6092AA6096D008A0F9B /* Debug */,
				E125C60A2AA6096D008A0F9B /* Release */,
			);
			defaultConfigurationIsVisible = 0;
			defaultConfigurationName = Release;
		};
/* End XCConfigurationList section */

/* Begin XCRemoteSwiftPackageReference section */
		E1264D182AA78A1E000F767A /* XCRemoteSwiftPackageReference "SDWebImage" */ = {
			isa = XCRemoteSwiftPackageReference;
			repositoryURL = "https://github.com/SDWebImage/SDWebImage.git";
			requirement = {
				kind = upToNextMajorVersion;
				minimumVersion = 5.0.0;
			};
		};
/* End XCRemoteSwiftPackageReference section */

/* Begin XCSwiftPackageProductDependency section */
		E1264D192AA78A1E000F767A /* SDWebImage */ = {
			isa = XCSwiftPackageProductDependency;
			package = E1264D182AA78A1E000F767A /* XCRemoteSwiftPackageReference "SDWebImage" */;
			productName = SDWebImage;
		};
/* End XCSwiftPackageProductDependency section */
	};
	rootObject = E125C5EC2AA6096B008A0F9B /* Project object */;
}
